// !$*UTF8*$!
{
	archiveVersion = 1;
	classes = {
	};
	objectVersion = 56;
	objects = {

/* Begin PBXBuildFile section */
		F49EF3092CDBCABB005D780E /* DiscViewerAppApp.swift in Sources */ = {isa = PBXBuildFile; fileRef = F49EF3082CDBCABB005D780E /* DiscViewerAppApp.swift */; };
		F49EF30B2CDBCABB005D780E /* ContentView.swift in Sources */ = {isa = PBXBuildFile; fileRef = F49EF30A2CDBCABB005D780E /* ContentView.swift */; };
		F49EF30D2CDBCABD005D780E /* Assets.xcassets in Resources */ = {isa = PBXBuildFile; fileRef = F49EF30C2CDBCABD005D780E /* Assets.xcassets */; };
		F49EF3102CDBCABD005D780E /* Preview Assets.xcassets in Resources */ = {isa = PBXBuildFile; fileRef = F49EF30F2CDBCABD005D780E /* Preview Assets.xcassets */; };
		F49EF31A2CDBD2BF005D780E /* FileData.swift in Sources */ = {isa = PBXBuildFile; fileRef = F49EF3192CDBD2BF005D780E /* FileData.swift */; };
		F49EF31C2CDBD2EA005D780E /* DataLoader.swift in Sources */ = {isa = PBXBuildFile; fileRef = F49EF31B2CDBD2EA005D780E /* DataLoader.swift */; };
		F49EF31F2CDBDB8B005D780E /* mock.geojson in Resources */ = {isa = PBXBuildFile; fileRef = F49EF31D2CDBD37F005D780E /* mock.geojson */; };
		F4A640D92CE7FBF5007A22F1 /* ListView.swift in Sources */ = {isa = PBXBuildFile; fileRef = F4A640D82CE7FBF5007A22F1 /* ListView.swift */; };
		F4A640DB2CE7FC02007A22F1 /* GridView.swift in Sources */ = {isa = PBXBuildFile; fileRef = F4A640DA2CE7FC02007A22F1 /* GridView.swift */; };
/* End PBXBuildFile section */

/* Begin PBXFileReference section */
		F49EF3052CDBCABB005D780E /* DiscViewerApp.app */ = {isa = PBXFileReference; explicitFileType = wrapper.application; includeInIndex = 0; path = DiscViewerApp.app; sourceTree = BUILT_PRODUCTS_DIR; };
		F49EF3082CDBCABB005D780E /* DiscViewerAppApp.swift */ = {isa = PBXFileReference; lastKnownFileType = sourcecode.swift; path = DiscViewerAppApp.swift; sourceTree = "<group>"; };
		F49EF30A2CDBCABB005D780E /* ContentView.swift */ = {isa = PBXFileReference; lastKnownFileType = sourcecode.swift; path = ContentView.swift; sourceTree = "<group>"; };
		F49EF30C2CDBCABD005D780E /* Assets.xcassets */ = {isa = PBXFileReference; lastKnownFileType = folder.assetcatalog; name = Assets.xcassets; path = DiscViewerApp/Assets.xcassets; sourceTree = SOURCE_ROOT; };
		F49EF30F2CDBCABD005D780E /* Preview Assets.xcassets */ = {isa = PBXFileReference; lastKnownFileType = folder.assetcatalog; path = "Preview Assets.xcassets"; sourceTree = "<group>"; };
		F49EF3192CDBD2BF005D780E /* FileData.swift */ = {isa = PBXFileReference; lastKnownFileType = sourcecode.swift; path = FileData.swift; sourceTree = "<group>"; };
		F49EF31B2CDBD2EA005D780E /* DataLoader.swift */ = {isa = PBXFileReference; lastKnownFileType = sourcecode.swift; path = DataLoader.swift; sourceTree = "<group>"; };
		F49EF31D2CDBD37F005D780E /* mock.geojson */ = {isa = PBXFileReference; lastKnownFileType = text; path = mock.geojson; sourceTree = "<group>"; };
		F4A640D82CE7FBF5007A22F1 /* ListView.swift */ = {isa = PBXFileReference; lastKnownFileType = sourcecode.swift; path = ListView.swift; sourceTree = "<group>"; };
		F4A640DA2CE7FC02007A22F1 /* GridView.swift */ = {isa = PBXFileReference; lastKnownFileType = sourcecode.swift; path = GridView.swift; sourceTree = "<group>"; };
/* End PBXFileReference section */

/* Begin PBXFrameworksBuildPhase section */
		F49EF3022CDBCABB005D780E /* Frameworks */ = {
			isa = PBXFrameworksBuildPhase;
			buildActionMask = 2147483647;
			files = (
			);
			runOnlyForDeploymentPostprocessing = 0;
		};
/* End PBXFrameworksBuildPhase section */

/* Begin PBXGroup section */
		F49EF2FC2CDBCABB005D780E = {
			isa = PBXGroup;
			children = (
				F49EF3072CDBCABB005D780E /* DiscViewerApp */,
				F49EF3062CDBCABB005D780E /* Products */,
			);
			sourceTree = "<group>";
		};
		F49EF3062CDBCABB005D780E /* Products */ = {
			isa = PBXGroup;
			children = (
				F49EF3052CDBCABB005D780E /* DiscViewerApp.app */,
			);
			name = Products;
			sourceTree = "<group>";
		};
		F49EF3072CDBCABB005D780E /* DiscViewerApp */ = {
			isa = PBXGroup;
			children = (
				F49EF3082CDBCABB005D780E /* DiscViewerAppApp.swift */,
				F49EF30A2CDBCABB005D780E /* ContentView.swift */,
				F4A640DA2CE7FC02007A22F1 /* GridView.swift */,
				F4A640D82CE7FBF5007A22F1 /* ListView.swift */,
				F49EF3192CDBD2BF005D780E /* FileData.swift */,
				F49EF31B2CDBD2EA005D780E /* DataLoader.swift */,
				F49EF31E2CDBD45E005D780E /* Resources */,
				F49EF30C2CDBCABD005D780E /* Assets.xcassets */,
				F49EF30E2CDBCABD005D780E /* Preview Content */,
			);
			path = DiscViewerApp;
			sourceTree = "<group>";
		};
		F49EF30E2CDBCABD005D780E /* Preview Content */ = {
			isa = PBXGroup;
			children = (
				F49EF30F2CDBCABD005D780E /* Preview Assets.xcassets */,
			);
			path = "Preview Content";
			sourceTree = "<group>";
		};
		F49EF31E2CDBD45E005D780E /* Resources */ = {
			isa = PBXGroup;
			children = (
				F49EF31D2CDBD37F005D780E /* mock.geojson */,
			);
			path = Resources;
			sourceTree = "<group>";
		};
/* End PBXGroup section */

/* Begin PBXNativeTarget section */
		F49EF3042CDBCABB005D780E /* DiscViewerApp */ = {
			isa = PBXNativeTarget;
			buildConfigurationList = F49EF3132CDBCABD005D780E /* Build configuration list for PBXNativeTarget "DiscViewerApp" */;
			buildPhases = (
				F49EF3012CDBCABB005D780E /* Sources */,
				F49EF3022CDBCABB005D780E /* Frameworks */,
				F49EF3032CDBCABB005D780E /* Resources */,
			);
			buildRules = (
			);
			dependencies = (
			);
			name = DiscViewerApp;
			productName = DiscViewerApp;
			productReference = F49EF3052CDBCABB005D780E /* DiscViewerApp.app */;
			productType = "com.apple.product-type.application";
		};
/* End PBXNativeTarget section */

/* Begin PBXProject section */
		F49EF2FD2CDBCABB005D780E /* Project object */ = {
			isa = PBXProject;
			attributes = {
				BuildIndependentTargetsInParallel = 1;
				LastSwiftUpdateCheck = 1420;
				LastUpgradeCheck = 1420;
				TargetAttributes = {
					F49EF3042CDBCABB005D780E = {
						CreatedOnToolsVersion = 14.2;
					};
				};
			};
			buildConfigurationList = F49EF3002CDBCABB005D780E /* Build configuration list for PBXProject "DiscViewerApp" */;
			compatibilityVersion = "Xcode 14.0";
			developmentRegion = en;
			hasScannedForEncodings = 0;
			knownRegions = (
				en,
				Base,
			);
			mainGroup = F49EF2FC2CDBCABB005D780E;
			productRefGroup = F49EF3062CDBCABB005D780E /* Products */;
			projectDirPath = "";
			projectRoot = "";
			targets = (
				F49EF3042CDBCABB005D780E /* DiscViewerApp */,
			);
		};
/* End PBXProject section */

/* Begin PBXResourcesBuildPhase section */
		F49EF3032CDBCABB005D780E /* Resources */ = {
			isa = PBXResourcesBuildPhase;
			buildActionMask = 2147483647;
			files = (
				F49EF3102CDBCABD005D780E /* Preview Assets.xcassets in Resources */,
				F49EF30D2CDBCABD005D780E /* Assets.xcassets in Resources */,
				F49EF31F2CDBDB8B005D780E /* mock.geojson in Resources */,
			);
			runOnlyForDeploymentPostprocessing = 0;
		};
/* End PBXResourcesBuildPhase section */

/* Begin PBXSourcesBuildPhase section */
		F49EF3012CDBCABB005D780E /* Sources */ = {
			isa = PBXSourcesBuildPhase;
			buildActionMask = 2147483647;
			files = (
				F49EF31C2CDBD2EA005D780E /* DataLoader.swift in Sources */,
				F49EF30B2CDBCABB005D780E /* ContentView.swift in Sources */,
				F4A640D92CE7FBF5007A22F1 /* ListView.swift in Sources */,
				F49EF3092CDBCABB005D780E /* DiscViewerAppApp.swift in Sources */,
				F4A640DB2CE7FC02007A22F1 /* GridView.swift in Sources */,
				F49EF31A2CDBD2BF005D780E /* FileData.swift in Sources */,
			);
			runOnlyForDeploymentPostprocessing = 0;
		};
/* End PBXSourcesBuildPhase section */

/* Begin XCBuildConfiguration section */
		F49EF3112CDBCABD005D780E /* Debug */ = {
			isa = XCBuildConfiguration;
			buildSettings = {
				ALWAYS_SEARCH_USER_PATHS = NO;
				CLANG_ANALYZER_NONNULL = YES;
				CLANG_ANALYZER_NUMBER_OBJECT_CONVERSION = YES_AGGRESSIVE;
				CLANG_CXX_LANGUAGE_STANDARD = "gnu++20";
				CLANG_ENABLE_MODULES = YES;
				CLANG_ENABLE_OBJC_ARC = YES;
				CLANG_ENABLE_OBJC_WEAK = YES;
				CLANG_WARN_BLOCK_CAPTURE_AUTORELEASING = YES;
				CLANG_WARN_BOOL_CONVERSION = YES;
				CLANG_WARN_COMMA = YES;
				CLANG_WARN_CONSTANT_CONVERSION = YES;
				CLANG_WARN_DEPRECATED_OBJC_IMPLEMENTATIONS = YES;
				CLANG_WARN_DIRECT_OBJC_ISA_USAGE = YES_ERROR;
				CLANG_WARN_DOCUMENTATION_COMMENTS = YES;
				CLANG_WARN_EMPTY_BODY = YES;
				CLANG_WARN_ENUM_CONVERSION = YES;
				CLANG_WARN_INFINITE_RECURSION = YES;
				CLANG_WARN_INT_CONVERSION = YES;
				CLANG_WARN_NON_LITERAL_NULL_CONVERSION = YES;
				CLANG_WARN_OBJC_IMPLICIT_RETAIN_SELF = YES;
				CLANG_WARN_OBJC_LITERAL_CONVERSION = YES;
				CLANG_WARN_OBJC_ROOT_CLASS = YES_ERROR;
				CLANG_WARN_QUOTED_INCLUDE_IN_FRAMEWORK_HEADER = YES;
				CLANG_WARN_RANGE_LOOP_ANALYSIS = YES;
				CLANG_WARN_STRICT_PROTOTYPES = YES;
				CLANG_WARN_SUSPICIOUS_MOVE = YES;
				CLANG_WARN_UNGUARDED_AVAILABILITY = YES_AGGRESSIVE;
				CLANG_WARN_UNREACHABLE_CODE = YES;
				CLANG_WARN__DUPLICATE_METHOD_MATCH = YES;
				COPY_PHASE_STRIP = NO;
				DEBUG_INFORMATION_FORMAT = dwarf;
				ENABLE_STRICT_OBJC_MSGSEND = YES;
				ENABLE_TESTABILITY = YES;
				GCC_C_LANGUAGE_STANDARD = gnu11;
				GCC_DYNAMIC_NO_PIC = NO;
				GCC_NO_COMMON_BLOCKS = YES;
				GCC_OPTIMIZATION_LEVEL = 0;
				GCC_PREPROCESSOR_DEFINITIONS = (
					"DEBUG=1",
					"$(inherited)",
				);
				GCC_WARN_64_TO_32_BIT_CONVERSION = YES;
				GCC_WARN_ABOUT_RETURN_TYPE = YES_ERROR;
				GCC_WARN_UNDECLARED_SELECTOR = YES;
				GCC_WARN_UNINITIALIZED_AUTOS = YES_AGGRESSIVE;
				GCC_WARN_UNUSED_FUNCTION = YES;
				GCC_WARN_UNUSED_VARIABLE = YES;
				IPHONEOS_DEPLOYMENT_TARGET = 16.2;
				MTL_ENABLE_DEBUG_INFO = INCLUDE_SOURCE;
				MTL_FAST_MATH = YES;
				ONLY_ACTIVE_ARCH = YES;
				SDKROOT = iphoneos;
				SWIFT_ACTIVE_COMPILATION_CONDITIONS = DEBUG;
				SWIFT_OPTIMIZATION_LEVEL = "-Onone";
			};
			name = Debug;
		};
		F49EF3122CDBCABD005D780E /* Release */ = {
			isa = XCBuildConfiguration;
			buildSettings = {
				ALWAYS_SEARCH_USER_PATHS = NO;
				CLANG_ANALYZER_NONNULL = YES;
				CLANG_ANALYZER_NUMBER_OBJECT_CONVERSION = YES_AGGRESSIVE;
				CLANG_CXX_LANGUAGE_STANDARD = "gnu++20";
				CLANG_ENABLE_MODULES = YES;
				CLANG_ENABLE_OBJC_ARC = YES;
				CLANG_ENABLE_OBJC_WEAK = YES;
				CLANG_WARN_BLOCK_CAPTURE_AUTORELEASING = YES;
				CLANG_WARN_BOOL_CONVERSION = YES;
				CLANG_WARN_COMMA = YES;
				CLANG_WARN_CONSTANT_CONVERSION = YES;
				CLANG_WARN_DEPRECATED_OBJC_IMPLEMENTATIONS = YES;
				CLANG_WARN_DIRECT_OBJC_ISA_USAGE = YES_ERROR;
				CLANG_WARN_DOCUMENTATION_COMMENTS = YES;
				CLANG_WARN_EMPTY_BODY = YES;
				CLANG_WARN_ENUM_CONVERSION = YES;
				CLANG_WARN_INFINITE_RECURSION = YES;
				CLANG_WARN_INT_CONVERSION = YES;
				CLANG_WARN_NON_LITERAL_NULL_CONVERSION = YES;
				CLANG_WARN_OBJC_IMPLICIT_RETAIN_SELF = YES;
				CLANG_WARN_OBJC_LITERAL_CONVERSION = YES;
				CLANG_WARN_OBJC_ROOT_CLASS = YES_ERROR;
				CLANG_WARN_QUOTED_INCLUDE_IN_FRAMEWORK_HEADER = YES;
				CLANG_WARN_RANGE_LOOP_ANALYSIS = YES;
				CLANG_WARN_STRICT_PROTOTYPES = YES;
				CLANG_WARN_SUSPICIOUS_MOVE = YES;
				CLANG_WARN_UNGUARDED_AVAILABILITY = YES_AGGRESSIVE;
				CLANG_WARN_UNREACHABLE_CODE = YES;
				CLANG_WARN__DUPLICATE_METHOD_MATCH = YES;
				COPY_PHASE_STRIP = NO;
				DEBUG_INFORMATION_FORMAT = "dwarf-with-dsym";
				ENABLE_NS_ASSERTIONS = NO;
				ENABLE_STRICT_OBJC_MSGSEND = YES;
				GCC_C_LANGUAGE_STANDARD = gnu11;
				GCC_NO_COMMON_BLOCKS = YES;
				GCC_WARN_64_TO_32_BIT_CONVERSION = YES;
				GCC_WARN_ABOUT_RETURN_TYPE = YES_ERROR;
				GCC_WARN_UNDECLARED_SELECTOR = YES;
				GCC_WARN_UNINITIALIZED_AUTOS = YES_AGGRESSIVE;
				GCC_WARN_UNUSED_FUNCTION = YES;
				GCC_WARN_UNUSED_VARIABLE = YES;
				IPHONEOS_DEPLOYMENT_TARGET = 16.2;
				MTL_ENABLE_DEBUG_INFO = NO;
				MTL_FAST_MATH = YES;
				SDKROOT = iphoneos;
				SWIFT_COMPILATION_MODE = wholemodule;
				SWIFT_OPTIMIZATION_LEVEL = "-O";
				VALIDATE_PRODUCT = YES;
			};
			name = Release;
		};
		F49EF3142CDBCABD005D780E /* Debug */ = {
			isa = XCBuildConfiguration;
			buildSettings = {
				ASSETCATALOG_COMPILER_APPICON_NAME = AppIcon;
				ASSETCATALOG_COMPILER_GLOBAL_ACCENT_COLOR_NAME = AccentColor;
				CODE_SIGN_STYLE = Automatic;
				CURRENT_PROJECT_VERSION = 1;
				DEVELOPMENT_ASSET_PATHS = "\"DiscViewerApp/Preview Content\"";
				DEVELOPMENT_TEAM = 8Z5C8X9JBM;
				ENABLE_PREVIEWS = YES;
				GENERATE_INFOPLIST_FILE = YES;
				INFOPLIST_KEY_UIApplicationSceneManifest_Generation = YES;
				INFOPLIST_KEY_UIApplicationSupportsIndirectInputEvents = YES;
				INFOPLIST_KEY_UILaunchScreen_Generation = YES;
				INFOPLIST_KEY_UISupportedInterfaceOrientations_iPad = "UIInterfaceOrientationPortrait UIInterfaceOrientationPortraitUpsideDown UIInterfaceOrientationLandscapeLeft UIInterfaceOrientationLandscapeRight";
				INFOPLIST_KEY_UISupportedInterfaceOrientations_iPhone = "UIInterfaceOrientationPortrait UIInterfaceOrientationLandscapeLeft UIInterfaceOrientationLandscapeRight";
				IPHONEOS_DEPLOYMENT_TARGET = 15.6;
				LD_RUNPATH_SEARCH_PATHS = (
					"$(inherited)",
					"@executable_path/Frameworks",
				);
				MARKETING_VERSION = 1.0;
				PRODUCT_BUNDLE_IDENTIFIER = com.miki.DiscViewerApp;
				PRODUCT_NAME = "$(TARGET_NAME)";
				SWIFT_EMIT_LOC_STRINGS = YES;
				SWIFT_VERSION = 5.0;
				TARGETED_DEVICE_FAMILY = "1,2";
			};
			name = Debug;
		};
		F49EF3152CDBCABD005D780E /* Release */ = {
			isa = XCBuildConfiguration;
			buildSettings = {
				ASSETCATALOG_COMPILER_APPICON_NAME = AppIcon;
				ASSETCATALOG_COMPILER_GLOBAL_ACCENT_COLOR_NAME = AccentColor;
				CODE_SIGN_STYLE = Automatic;
				CURRENT_PROJECT_VERSION = 1;
				DEVELOPMENT_ASSET_PATHS = "\"DiscViewerApp/Preview Content\"";
				DEVELOPMENT_TEAM = 8Z5C8X9JBM;
				ENABLE_PREVIEWS = YES;
				GENERATE_INFOPLIST_FILE = YES;
				INFOPLIST_KEY_UIApplicationSceneManifest_Generation = YES;
				INFOPLIST_KEY_UIApplicationSupportsIndirectInputEvents = YES;
				INFOPLIST_KEY_UILaunchScreen_Generation = YES;
				INFOPLIST_KEY_UISupportedInterfaceOrientations_iPad = "UIInterfaceOrientationPortrait UIInterfaceOrientationPortraitUpsideDown UIInterfaceOrientationLandscapeLeft UIInterfaceOrientationLandscapeRight";
				INFOPLIST_KEY_UISupportedInterfaceOrientations_iPhone = "UIInterfaceOrientationPortrait UIInterfaceOrientationLandscapeLeft UIInterfaceOrientationLandscapeRight";
				IPHONEOS_DEPLOYMENT_TARGET = 15.6;
				LD_RUNPATH_SEARCH_PATHS = (
					"$(inherited)",
					"@executable_path/Frameworks",
				);
				MARKETING_VERSION = 1.0;
				PRODUCT_BUNDLE_IDENTIFIER = com.miki.DiscViewerApp;
				PRODUCT_NAME = "$(TARGET_NAME)";
				SWIFT_EMIT_LOC_STRINGS = YES;
				SWIFT_VERSION = 5.0;
				TARGETED_DEVICE_FAMILY = "1,2";
			};
			name = Release;
		};
/* End XCBuildConfiguration section */

/* Begin XCConfigurationList section */
		F49EF3002CDBCABB005D780E /* Build configuration list for PBXProject "DiscViewerApp" */ = {
			isa = XCConfigurationList;
			buildConfigurations = (
				F49EF3112CDBCABD005D780E /* Debug */,
				F49EF3122CDBCABD005D780E /* Release */,
			);
			defaultConfigurationIsVisible = 0;
			defaultConfigurationName = Release;
		};
		F49EF3132CDBCABD005D780E /* Build configuration list for PBXNativeTarget "DiscViewerApp" */ = {
			isa = XCConfigurationList;
			buildConfigurations = (
				F49EF3142CDBCABD005D780E /* Debug */,
				F49EF3152CDBCABD005D780E /* Release */,
			);
			defaultConfigurationIsVisible = 0;
			defaultConfigurationName = Release;
		};
/* End XCConfigurationList section */
	};
	rootObject = F49EF2FD2CDBCABB005D780E /* Project object */;
}
